{
  "pins" : [
    {
      "identity" : "focusentity",
      "kind" : "remoteSourceControl",
      "location" : "https://github.com/maxxfrazer/FocusEntity.git",
      "state" : {
        "revision" : "5fa521172e447cbfa8c2fc1d6602d9d6bed202c7",
        "version" : "2.5.1"
      }
    },
    {
      "identity" : "realitygeometries",
      "kind" : "remoteSourceControl",
      "location" : "https://github.com/maxxfrazer/RealityGeometries.git",
      "state" : {
        "revision" : "e6eb54c7e9a41f2d63b5fd82300cfe4e578e1ac8",
        "version" : "1.1.2"
      }
    },
    {
      "identity" : "zipfoundation",
      "kind" : "remoteSourceControl",
      "location" : "https://github.com/weichsel/ZIPFoundation/",
      "state" : {
        "revision" : "02b6abe5f6eef7e3cbd5f247c5cc24e246efcfe0",
        "version" : "0.9.19"
      }
    }
  ],
  "version" : 2
}
